
Microsoft Visual Studio Solution File, Format Version 12.00
# Visual Studio Version 16
VisualStudioVersion = 16.0.31702.278
MinimumVisualStudioVersion = 10.0.40219.1
Project("{8BC9CEB8-8B4A-11D0-8D11-00A0C91BC942}") = "lab_vvp_7-4", "lab_vvp_7-4\lab_vvp_7-4.vcxproj", "{FC890106-BAC4-4C02-B0BA-7EEBFC7E23FC}"
EndProject
Global
	GlobalSection(SolutionConfigurationPlatforms) = preSolution
		Debug|x64 = Debug|x64
		Debug|x86 = Debug|x86
		Release|x64 = Release|x64
		Release|x86 = Release|x86
	EndGlobalSection
	GlobalSection(ProjectConfigurationPlatforms) = postSolution
		{FC890106-BAC4-4C02-B0BA-7EEBFC7E23FC}.Debug|x64.ActiveCfg = Debug|x64
		{FC890106-BAC4-4C02-B0BA-7EEBFC7E23FC}.Debug|x64.Build.0 = Debug|x64
		{FC890106-BAC4-4C02-B0BA-7EEBFC7E23FC}.Debug|x86.ActiveCfg = Debug|Win32
		{FC890106-BAC4-4C02-B0BA-7EEBFC7E23FC}.Debug|x86.Build.0 = Debug|Win32
		{FC890106-BAC4-4C02-B0BA-7EEBFC7E23FC}.Release|x64.ActiveCfg = Release|x64
		{FC890106-BAC4-4C02-B0BA-7EEBFC7E23FC}.Release|x64.Build.0 = Release|x64
		{FC890106-BAC4-4C02-B0BA-7EEBFC7E23FC}.Release|x86.ActiveCfg = Release|Win32
		{FC890106-BAC4-4C02-B0BA-7EEBFC7E23FC}.Release|x86.Build.0 = Release|Win32
	EndGlobalSection
	GlobalSection(SolutionProperties) = preSolution
		HideSolutionNode = FALSE
	EndGlobalSection
	GlobalSection(ExtensibilityGlobals) = postSolution
		SolutionGuid = {17E17308-B282-47A5-8E72-123DD5C47985}
	EndGlobalSection
EndGlobal
